
Microsoft Visual Studio Solution File, Format Version 12.00
# Visual Studio Version 17
VisualStudioVersion = 17.0.31903.59
MinimumVisualStudioVersion = 10.0.40219.1
Project("{FAE04EC0-301F-11D3-BF4B-00C04F79EFBC}") = "FastTorrentDownload", "src\FastTorrentDownload\FastTorrentDownload.csproj", "{EB67E1F6-25FB-4B1B-B696-348CD7E71AD3}"
EndProject
Project("{FAE04EC0-301F-11D3-BF4B-00C04F79EFBC}") = "FastTorrentDownload.Tests", "tests\FastTorrentDownload.Tests\FastTorrentDownload.Tests.csproj", "{EB2ED55B-1703-4265-9A54-81652764B6D6}"
EndProject
Global
	GlobalSection(SolutionConfigurationPlatforms) = preSolution
		Debug|Any CPU = Debug|Any CPU
		Release|Any CPU = Release|Any CPU
	EndGlobalSection
	GlobalSection(ProjectConfigurationPlatforms) = postSolution
		{EB67E1F6-25FB-4B1B-B696-348CD7E71AD3}.Debug|Any CPU.ActiveCfg = Debug|Any CPU
		{EB67E1F6-25FB-4B1B-B696-348CD7E71AD3}.Debug|Any CPU.Build.0 = Debug|Any CPU
		{EB67E1F6-25FB-4B1B-B696-348CD7E71AD3}.Release|Any CPU.ActiveCfg = Release|Any CPU
		{EB67E1F6-25FB-4B1B-B696-348CD7E71AD3}.Release|Any CPU.Build.0 = Release|Any CPU
		{EB2ED55B-1703-4265-9A54-81652764B6D6}.Debug|Any CPU.ActiveCfg = Debug|Any CPU
		{EB2ED55B-1703-4265-9A54-81652764B6D6}.Debug|Any CPU.Build.0 = Debug|Any CPU
		{EB2ED55B-1703-4265-9A54-81652764B6D6}.Release|Any CPU.ActiveCfg = Release|Any CPU
		{EB2ED55B-1703-4265-9A54-81652764B6D6}.Release|Any CPU.Build.0 = Release|Any CPU
	EndGlobalSection
EndGlobal
